
Microsoft Visual Studio Solution File, Format Version 12.00
# Visual Studio Version 16
VisualStudioVersion = 16.0.30907.101
MinimumVisualStudioVersion = 10.0.40219.1
Project("{9A19103F-16F7-4668-BE54-9A1E7A4F7556}") = "Battleships", "Battleships\Battleships.csproj", "{BD7309BB-A5EF-4FC3-924D-6DE127927A5D}"
EndProject
Global
	GlobalSection(SolutionConfigurationPlatforms) = preSolution
		Debug|Any CPU = Debug|Any CPU
		Release|Any CPU = Release|Any CPU
	EndGlobalSection
	GlobalSection(ProjectConfigurationPlatforms) = postSolution
		{BD7309BB-A5EF-4FC3-924D-6DE127927A5D}.Debug|Any CPU.ActiveCfg = Debug|Any CPU
		{BD7309BB-A5EF-4FC3-924D-6DE127927A5D}.Debug|Any CPU.Build.0 = Debug|Any CPU
		{BD7309BB-A5EF-4FC3-924D-6DE127927A5D}.Release|Any CPU.ActiveCfg = Release|Any CPU
		{BD7309BB-A5EF-4FC3-924D-6DE127927A5D}.Release|Any CPU.Build.0 = Release|Any CPU
	EndGlobalSection
	GlobalSection(SolutionProperties) = preSolution
		HideSolutionNode = FALSE
	EndGlobalSection
	GlobalSection(ExtensibilityGlobals) = postSolution
		SolutionGuid = {2AB6B3B8-090D-4FF8-89BF-9E6DA1BA57AD}
	EndGlobalSection
EndGlobal
